
Microsoft Visual Studio Solution File, Format Version 12.00
# Visual Studio Version 17
VisualStudioVersion = 17.7.34202.233
MinimumVisualStudioVersion = 10.0.40219.1
Project("{FAE04EC0-301F-11D3-BF4B-00C04F79EFBC}") = "SoftUni", "SoftUni\SoftUni.csproj", "{B1B9F160-B204-44D5-9702-4830BE566C22}"
EndProject
Global
	GlobalSection(SolutionConfigurationPlatforms) = preSolution
		Debug|Any CPU = Debug|Any CPU
		Release|Any CPU = Release|Any CPU
	EndGlobalSection
	GlobalSection(ProjectConfigurationPlatforms) = postSolution
		{B1B9F160-B204-44D5-9702-4830BE566C22}.Debug|Any CPU.ActiveCfg = Debug|Any CPU
		{B1B9F160-B204-44D5-9702-4830BE566C22}.Debug|Any CPU.Build.0 = Debug|Any CPU
		{B1B9F160-B204-44D5-9702-4830BE566C22}.Release|Any CPU.ActiveCfg = Release|Any CPU
		{B1B9F160-B204-44D5-9702-4830BE566C22}.Release|Any CPU.Build.0 = Release|Any CPU
	EndGlobalSection
	GlobalSection(SolutionProperties) = preSolution
		HideSolutionNode = FALSE
	EndGlobalSection
	GlobalSection(ExtensibilityGlobals) = postSolution
		SolutionGuid = {D8DE4616-B625-46ED-81E4-FC1F1F57B8CA}
	EndGlobalSection
EndGlobal
